
Microsoft Visual Studio Solution File, Format Version 12.00
# Visual Studio Version 17
VisualStudioVersion = 17.1.32407.343
MinimumVisualStudioVersion = 10.0.40219.1
Project("{FAE04EC0-301F-11D3-BF4B-00C04F79EFBC}") = "MangaWorks", "MangaWorks\MangaWorks.csproj", "{4E9EB3DB-E684-46A7-BF9E-73034A257A4B}"
EndProject
Global
	GlobalSection(SolutionConfigurationPlatforms) = preSolution
		Debug|Any CPU = Debug|Any CPU
		Release|Any CPU = Release|Any CPU
	EndGlobalSection
	GlobalSection(ProjectConfigurationPlatforms) = postSolution
		{4E9EB3DB-E684-46A7-BF9E-73034A257A4B}.Debug|Any CPU.ActiveCfg = Debug|Any CPU
		{4E9EB3DB-E684-46A7-BF9E-73034A257A4B}.Debug|Any CPU.Build.0 = Debug|Any CPU
		{4E9EB3DB-E684-46A7-BF9E-73034A257A4B}.Release|Any CPU.ActiveCfg = Release|Any CPU
		{4E9EB3DB-E684-46A7-BF9E-73034A257A4B}.Release|Any CPU.Build.0 = Release|Any CPU
	EndGlobalSection
	GlobalSection(SolutionProperties) = preSolution
		HideSolutionNode = FALSE
	EndGlobalSection
	GlobalSection(ExtensibilityGlobals) = postSolution
		SolutionGuid = {CC746051-B245-4150-BF8C-49479BDC0921}
	EndGlobalSection
EndGlobal
